{
  "name": "everse-techradar",
  "version": "1.0.0",
  "lockfileVersion": 3,
  "requires": true,
  "packages": {
    "": {
      "name": "everse-techradar",
      "version": "1.0.0",
      "license": "MIT",
      "dependencies": {
        "aoe_technology_radar": "github:EVERSE-ResearchSoftware/aoe_technology_radar#v5"
      }
    },
    "node_modules/aoe_technology_radar": {
      "version": "5.0.0-rc.4",
      "resolved": "git+ssh://git@github.com/EVERSE-ResearchSoftware/aoe_technology_radar.git#2f0aa1ad38441bd0d5fee944e035fea3a11cc987",
      "hasInstallScript": true,
      "bin": {
        "techradar": "bin/techradar.js"
      }
    }
  }
}
